// !$*UTF8*$!
{
	archiveVersion = 1;
	classes = {
	};
	objectVersion = 46;
	objects = {

/* Begin PBXBuildFile section */
		16CB10EF1AEC1D7400FDC9D3 /* main.m in Sources */ = {isa = PBXBuildFile; fileRef = 16CB10EE1AEC1D7400FDC9D3 /* main.m */; };
		16CB10F21AEC1D7400FDC9D3 /* AppDelegate.m in Sources */ = {isa = PBXBuildFile; fileRef = 16CB10F11AEC1D7400FDC9D3 /* AppDelegate.m */; };
		16CB10F51AEC1D7400FDC9D3 /* ViewController.m in Sources */ = {isa = PBXBuildFile; fileRef = 16CB10F41AEC1D7400FDC9D3 /* ViewController.m */; };
		16CB10F81AEC1D7400FDC9D3 /* Main.storyboard in Resources */ = {isa = PBXBuildFile; fileRef = 16CB10F61AEC1D7400FDC9D3 /* Main.storyboard */; };
		16CB10FA1AEC1D7400FDC9D3 /* Images.xcassets in Resources */ = {isa = PBXBuildFile; fileRef = 16CB10F91AEC1D7400FDC9D3 /* Images.xcassets */; };
		16CB10FD1AEC1D7400FDC9D3 /* LaunchScreen.xib in Resources */ = {isa = PBXBuildFile; fileRef = 16CB10FB1AEC1D7400FDC9D3 /* LaunchScreen.xib */; };
		16CB11091AEC1D7400FDC9D3 /* TailoredNotesTests.m in Sources */ = {isa = PBXBuildFile; fileRef = 16CB11081AEC1D7400FDC9D3 /* TailoredNotesTests.m */; };
		16CB11171AEC20DA00FDC9D3 /* CoreData.framework in Frameworks */ = {isa = PBXBuildFile; fileRef = 16CB11161AEC20DA00FDC9D3 /* CoreData.framework */; };
		16CB111B1AEC215900FDC9D3 /* Model.xcdatamodeld in Sources */ = {isa = PBXBuildFile; fileRef = 16CB11191AEC215900FDC9D3 /* Model.xcdatamodeld */; };
		16CB112D1AEC2A3300FDC9D3 /* Person.m in Sources */ = {isa = PBXBuildFile; fileRef = 16CB112C1AEC2A3300FDC9D3 /* Person.m */; };
		16CB11301AEC2A3400FDC9D3 /* Order.m in Sources */ = {isa = PBXBuildFile; fileRef = 16CB112F1AEC2A3400FDC9D3 /* Order.m */; };
		16CB11331AEC2A3400FDC9D3 /* OrderItem.m in Sources */ = {isa = PBXBuildFile; fileRef = 16CB11321AEC2A3400FDC9D3 /* OrderItem.m */; };
		16CB11361AEC2A3400FDC9D3 /* Product.m in Sources */ = {isa = PBXBuildFile; fileRef = 16CB11351AEC2A3400FDC9D3 /* Product.m */; };
		16CB11391AEC2A3400FDC9D3 /* Measurement.m in Sources */ = {isa = PBXBuildFile; fileRef = 16CB11381AEC2A3400FDC9D3 /* Measurement.m */; };
		821555B61AFE91CC00C56BE8 /* NewOrderItemViewController.m in Sources */ = {isa = PBXBuildFile; fileRef = 821555B51AFE91CC00C56BE8 /* NewOrderItemViewController.m */; };
		821555B91AFE924600C56BE8 /* EditOrderItemViewController.m in Sources */ = {isa = PBXBuildFile; fileRef = 821555B81AFE924600C56BE8 /* EditOrderItemViewController.m */; };
		821555BC1AFE92DF00C56BE8 /* NewProductViewController.m in Sources */ = {isa = PBXBuildFile; fileRef = 821555BB1AFE92DF00C56BE8 /* NewProductViewController.m */; };
		821555BF1AFE92EA00C56BE8 /* EditProductViewController.m in Sources */ = {isa = PBXBuildFile; fileRef = 821555BE1AFE92EA00C56BE8 /* EditProductViewController.m */; };
		82573DFB1AFD2C3A0053DFF2 /* PersonAlphaViewController.m in Sources */ = {isa = PBXBuildFile; fileRef = 82573DFA1AFD2C3A0053DFF2 /* PersonAlphaViewController.m */; };
		82573DFE1AFD2CBE0053DFF2 /* PersonOpenViewController.m in Sources */ = {isa = PBXBuildFile; fileRef = 82573DFD1AFD2CBE0053DFF2 /* PersonOpenViewController.m */; };
		82573E011AFD2CE20053DFF2 /* PersonDetailsViewController.m in Sources */ = {isa = PBXBuildFile; fileRef = 82573E001AFD2CE20053DFF2 /* PersonDetailsViewController.m */; };
		82573E041AFD32F10053DFF2 /* OrderHistoryViewController.m in Sources */ = {isa = PBXBuildFile; fileRef = 82573E031AFD32F10053DFF2 /* OrderHistoryViewController.m */; };
		82573E071AFD33730053DFF2 /* MeasurementHistoryViewController.m in Sources */ = {isa = PBXBuildFile; fileRef = 82573E061AFD33730053DFF2 /* MeasurementHistoryViewController.m */; };
		82573E0A1AFD3A860053DFF2 /* NewMeasurementViewController.m in Sources */ = {isa = PBXBuildFile; fileRef = 82573E091AFD3A860053DFF2 /* NewMeasurementViewController.m */; };
		82573E0D1AFD3B050053DFF2 /* EditMeasurementViewController.m in Sources */ = {isa = PBXBuildFile; fileRef = 82573E0C1AFD3B050053DFF2 /* EditMeasurementViewController.m */; };
		82573E101AFD3BF60053DFF2 /* NewOrderViewController.m in Sources */ = {isa = PBXBuildFile; fileRef = 82573E0F1AFD3BF60053DFF2 /* NewOrderViewController.m */; };
		82573E131AFD3C700053DFF2 /* EditOrderViewController.m in Sources */ = {isa = PBXBuildFile; fileRef = 82573E121AFD3C700053DFF2 /* EditOrderViewController.m */; };
/* End PBXBuildFile section */

/* Begin PBXContainerItemProxy section */
		16CB11031AEC1D7400FDC9D3 /* PBXContainerItemProxy */ = {
			isa = PBXContainerItemProxy;
			containerPortal = 16CB10E11AEC1D7400FDC9D3 /* Project object */;
			proxyType = 1;
			remoteGlobalIDString = 16CB10E81AEC1D7400FDC9D3;
			remoteInfo = TailoredNotes;
		};
/* End PBXContainerItemProxy section */

/* Begin PBXFileReference section */
		16CB10E91AEC1D7400FDC9D3 /* TailoredNotes.app */ = {isa = PBXFileReference; explicitFileType = wrapper.application; includeInIndex = 0; path = TailoredNotes.app; sourceTree = BUILT_PRODUCTS_DIR; };
		16CB10ED1AEC1D7400FDC9D3 /* Info.plist */ = {isa = PBXFileReference; lastKnownFileType = text.plist.xml; path = Info.plist; sourceTree = "<group>"; };
		16CB10EE1AEC1D7400FDC9D3 /* main.m */ = {isa = PBXFileReference; lastKnownFileType = sourcecode.c.objc; path = main.m; sourceTree = "<group>"; };
		16CB10F01AEC1D7400FDC9D3 /* AppDelegate.h */ = {isa = PBXFileReference; lastKnownFileType = sourcecode.c.h; path = AppDelegate.h; sourceTree = "<group>"; };
		16CB10F11AEC1D7400FDC9D3 /* AppDelegate.m */ = {isa = PBXFileReference; lastKnownFileType = sourcecode.c.objc; path = AppDelegate.m; sourceTree = "<group>"; };
		16CB10F31AEC1D7400FDC9D3 /* ViewController.h */ = {isa = PBXFileReference; lastKnownFileType = sourcecode.c.h; path = ViewController.h; sourceTree = "<group>"; };
		16CB10F41AEC1D7400FDC9D3 /* ViewController.m */ = {isa = PBXFileReference; lastKnownFileType = sourcecode.c.objc; path = ViewController.m; sourceTree = "<group>"; };
		16CB10F71AEC1D7400FDC9D3 /* Base */ = {isa = PBXFileReference; lastKnownFileType = file.storyboard; name = Base; path = Base.lproj/Main.storyboard; sourceTree = "<group>"; };
		16CB10F91AEC1D7400FDC9D3 /* Images.xcassets */ = {isa = PBXFileReference; lastKnownFileType = folder.assetcatalog; path = Images.xcassets; sourceTree = "<group>"; };
		16CB10FC1AEC1D7400FDC9D3 /* Base */ = {isa = PBXFileReference; lastKnownFileType = file.xib; name = Base; path = Base.lproj/LaunchScreen.xib; sourceTree = "<group>"; };
		16CB11021AEC1D7400FDC9D3 /* TailoredNotesTests.xctest */ = {isa = PBXFileReference; explicitFileType = wrapper.cfbundle; includeInIndex = 0; path = TailoredNotesTests.xctest; sourceTree = BUILT_PRODUCTS_DIR; };
		16CB11071AEC1D7400FDC9D3 /* Info.plist */ = {isa = PBXFileReference; lastKnownFileType = text.plist.xml; path = Info.plist; sourceTree = "<group>"; };
		16CB11081AEC1D7400FDC9D3 /* TailoredNotesTests.m */ = {isa = PBXFileReference; lastKnownFileType = sourcecode.c.objc; path = TailoredNotesTests.m; sourceTree = "<group>"; };
		16CB11161AEC20DA00FDC9D3 /* CoreData.framework */ = {isa = PBXFileReference; lastKnownFileType = wrapper.framework; name = CoreData.framework; path = System/Library/Frameworks/CoreData.framework; sourceTree = SDKROOT; };
		16CB111A1AEC215900FDC9D3 /* Model.xcdatamodel */ = {isa = PBXFileReference; lastKnownFileType = wrapper.xcdatamodel; path = Model.xcdatamodel; sourceTree = "<group>"; };
		16CB112B1AEC2A3300FDC9D3 /* Person.h */ = {isa = PBXFileReference; fileEncoding = 4; lastKnownFileType = sourcecode.c.h; path = Person.h; sourceTree = "<group>"; };
		16CB112C1AEC2A3300FDC9D3 /* Person.m */ = {isa = PBXFileReference; fileEncoding = 4; lastKnownFileType = sourcecode.c.objc; path = Person.m; sourceTree = "<group>"; };
		16CB112E1AEC2A3400FDC9D3 /* Order.h */ = {isa = PBXFileReference; fileEncoding = 4; lastKnownFileType = sourcecode.c.h; path = Order.h; sourceTree = "<group>"; };
		16CB112F1AEC2A3400FDC9D3 /* Order.m */ = {isa = PBXFileReference; fileEncoding = 4; lastKnownFileType = sourcecode.c.objc; path = Order.m; sourceTree = "<group>"; };
		16CB11311AEC2A3400FDC9D3 /* OrderItem.h */ = {isa = PBXFileReference; fileEncoding = 4; lastKnownFileType = sourcecode.c.h; path = OrderItem.h; sourceTree = "<group>"; };
		16CB11321AEC2A3400FDC9D3 /* OrderItem.m */ = {isa = PBXFileReference; fileEncoding = 4; lastKnownFileType = sourcecode.c.objc; path = OrderItem.m; sourceTree = "<group>"; };
		16CB11341AEC2A3400FDC9D3 /* Product.h */ = {isa = PBXFileReference; fileEncoding = 4; lastKnownFileType = sourcecode.c.h; path = Product.h; sourceTree = "<group>"; };
		16CB11351AEC2A3400FDC9D3 /* Product.m */ = {isa = PBXFileReference; fileEncoding = 4; lastKnownFileType = sourcecode.c.objc; path = Product.m; sourceTree = "<group>"; };
		16CB11371AEC2A3400FDC9D3 /* Measurement.h */ = {isa = PBXFileReference; fileEncoding = 4; lastKnownFileType = sourcecode.c.h; path = Measurement.h; sourceTree = "<group>"; };
		16CB11381AEC2A3400FDC9D3 /* Measurement.m */ = {isa = PBXFileReference; fileEncoding = 4; lastKnownFileType = sourcecode.c.objc; path = Measurement.m; sourceTree = "<group>"; };
		821555B41AFE91CC00C56BE8 /* NewOrderItemViewController.h */ = {isa = PBXFileReference; fileEncoding = 4; lastKnownFileType = sourcecode.c.h; path = NewOrderItemViewController.h; sourceTree = "<group>"; };
		821555B51AFE91CC00C56BE8 /* NewOrderItemViewController.m */ = {isa = PBXFileReference; fileEncoding = 4; lastKnownFileType = sourcecode.c.objc; path = NewOrderItemViewController.m; sourceTree = "<group>"; };
		821555B71AFE924600C56BE8 /* EditOrderItemViewController.h */ = {isa = PBXFileReference; fileEncoding = 4; lastKnownFileType = sourcecode.c.h; path = EditOrderItemViewController.h; sourceTree = "<group>"; };
		821555B81AFE924600C56BE8 /* EditOrderItemViewController.m */ = {isa = PBXFileReference; fileEncoding = 4; lastKnownFileType = sourcecode.c.objc; path = EditOrderItemViewController.m; sourceTree = "<group>"; };
		821555BA1AFE92DF00C56BE8 /* NewProductViewController.h */ = {isa = PBXFileReference; fileEncoding = 4; lastKnownFileType = sourcecode.c.h; path = NewProductViewController.h; sourceTree = "<group>"; };
		821555BB1AFE92DF00C56BE8 /* NewProductViewController.m */ = {isa = PBXFileReference; fileEncoding = 4; lastKnownFileType = sourcecode.c.objc; path = NewProductViewController.m; sourceTree = "<group>"; };
		821555BD1AFE92EA00C56BE8 /* EditProductViewController.h */ = {isa = PBXFileReference; fileEncoding = 4; lastKnownFileType = sourcecode.c.h; path = EditProductViewController.h; sourceTree = "<group>"; };
		821555BE1AFE92EA00C56BE8 /* EditProductViewController.m */ = {isa = PBXFileReference; fileEncoding = 4; lastKnownFileType = sourcecode.c.objc; path = EditProductViewController.m; sourceTree = "<group>"; };
		82573DF91AFD2C3A0053DFF2 /* PersonAlphaViewController.h */ = {isa = PBXFileReference; fileEncoding = 4; lastKnownFileType = sourcecode.c.h; path = PersonAlphaViewController.h; sourceTree = "<group>"; };
		82573DFA1AFD2C3A0053DFF2 /* PersonAlphaViewController.m */ = {isa = PBXFileReference; fileEncoding = 4; lastKnownFileType = sourcecode.c.objc; path = PersonAlphaViewController.m; sourceTree = "<group>"; };
		82573DFC1AFD2CBE0053DFF2 /* PersonOpenViewController.h */ = {isa = PBXFileReference; fileEncoding = 4; lastKnownFileType = sourcecode.c.h; path = PersonOpenViewController.h; sourceTree = "<group>"; };
		82573DFD1AFD2CBE0053DFF2 /* PersonOpenViewController.m */ = {isa = PBXFileReference; fileEncoding = 4; lastKnownFileType = sourcecode.c.objc; path = PersonOpenViewController.m; sourceTree = "<group>"; };
		82573DFF1AFD2CE20053DFF2 /* PersonDetailsViewController.h */ = {isa = PBXFileReference; fileEncoding = 4; lastKnownFileType = sourcecode.c.h; path = PersonDetailsViewController.h; sourceTree = "<group>"; };
		82573E001AFD2CE20053DFF2 /* PersonDetailsViewController.m */ = {isa = PBXFileReference; fileEncoding = 4; lastKnownFileType = sourcecode.c.objc; path = PersonDetailsViewController.m; sourceTree = "<group>"; };
		82573E021AFD32F10053DFF2 /* OrderHistoryViewController.h */ = {isa = PBXFileReference; fileEncoding = 4; lastKnownFileType = sourcecode.c.h; path = OrderHistoryViewController.h; sourceTree = "<group>"; };
		82573E031AFD32F10053DFF2 /* OrderHistoryViewController.m */ = {isa = PBXFileReference; fileEncoding = 4; lastKnownFileType = sourcecode.c.objc; path = OrderHistoryViewController.m; sourceTree = "<group>"; };
		82573E051AFD33730053DFF2 /* MeasurementHistoryViewController.h */ = {isa = PBXFileReference; fileEncoding = 4; lastKnownFileType = sourcecode.c.h; path = MeasurementHistoryViewController.h; sourceTree = "<group>"; };
		82573E061AFD33730053DFF2 /* MeasurementHistoryViewController.m */ = {isa = PBXFileReference; fileEncoding = 4; lastKnownFileType = sourcecode.c.objc; path = MeasurementHistoryViewController.m; sourceTree = "<group>"; };
		82573E081AFD3A860053DFF2 /* NewMeasurementViewController.h */ = {isa = PBXFileReference; fileEncoding = 4; lastKnownFileType = sourcecode.c.h; path = NewMeasurementViewController.h; sourceTree = "<group>"; };
		82573E091AFD3A860053DFF2 /* NewMeasurementViewController.m */ = {isa = PBXFileReference; fileEncoding = 4; lastKnownFileType = sourcecode.c.objc; path = NewMeasurementViewController.m; sourceTree = "<group>"; };
		82573E0B1AFD3B050053DFF2 /* EditMeasurementViewController.h */ = {isa = PBXFileReference; fileEncoding = 4; lastKnownFileType = sourcecode.c.h; path = EditMeasurementViewController.h; sourceTree = "<group>"; };
		82573E0C1AFD3B050053DFF2 /* EditMeasurementViewController.m */ = {isa = PBXFileReference; fileEncoding = 4; lastKnownFileType = sourcecode.c.objc; path = EditMeasurementViewController.m; sourceTree = "<group>"; };
		82573E0E1AFD3BF60053DFF2 /* NewOrderViewController.h */ = {isa = PBXFileReference; fileEncoding = 4; lastKnownFileType = sourcecode.c.h; path = NewOrderViewController.h; sourceTree = "<group>"; };
		82573E0F1AFD3BF60053DFF2 /* NewOrderViewController.m */ = {isa = PBXFileReference; fileEncoding = 4; lastKnownFileType = sourcecode.c.objc; path = NewOrderViewController.m; sourceTree = "<group>"; };
		82573E111AFD3C700053DFF2 /* EditOrderViewController.h */ = {isa = PBXFileReference; fileEncoding = 4; lastKnownFileType = sourcecode.c.h; path = EditOrderViewController.h; sourceTree = "<group>"; };
		82573E121AFD3C700053DFF2 /* EditOrderViewController.m */ = {isa = PBXFileReference; fileEncoding = 4; lastKnownFileType = sourcecode.c.objc; path = EditOrderViewController.m; sourceTree = "<group>"; };
/* End PBXFileReference section */

/* Begin PBXFrameworksBuildPhase section */
		16CB10E61AEC1D7400FDC9D3 /* Frameworks */ = {
			isa = PBXFrameworksBuildPhase;
			buildActionMask = 2147483647;
			files = (
				16CB11171AEC20DA00FDC9D3 /* CoreData.framework in Frameworks */,
			);
			runOnlyForDeploymentPostprocessing = 0;
		};
		16CB10FF1AEC1D7400FDC9D3 /* Frameworks */ = {
			isa = PBXFrameworksBuildPhase;
			buildActionMask = 2147483647;
			files = (
			);
			runOnlyForDeploymentPostprocessing = 0;
		};
/* End PBXFrameworksBuildPhase section */

/* Begin PBXGroup section */
		16CB10E01AEC1D7400FDC9D3 = {
			isa = PBXGroup;
			children = (
				16CB10EB1AEC1D7400FDC9D3 /* TailoredNotes */,
				16CB11051AEC1D7400FDC9D3 /* TailoredNotesTests */,
				16CB10EA1AEC1D7400FDC9D3 /* Products */,
			);
			sourceTree = "<group>";
		};
		16CB10EA1AEC1D7400FDC9D3 /* Products */ = {
			isa = PBXGroup;
			children = (
				16CB10E91AEC1D7400FDC9D3 /* TailoredNotes.app */,
				16CB11021AEC1D7400FDC9D3 /* TailoredNotesTests.xctest */,
			);
			name = Products;
			sourceTree = "<group>";
		};
		16CB10EB1AEC1D7400FDC9D3 /* TailoredNotes */ = {
			isa = PBXGroup;
			children = (
				16CB11181AEC20E200FDC9D3 /* Frameworks */,
				16CB11121AEC1FDD00FDC9D3 /* Model */,
				16CB10F01AEC1D7400FDC9D3 /* AppDelegate.h */,
				16CB10F11AEC1D7400FDC9D3 /* AppDelegate.m */,
				16CB10F31AEC1D7400FDC9D3 /* ViewController.h */,
				16CB10F41AEC1D7400FDC9D3 /* ViewController.m */,
				16CB10F61AEC1D7400FDC9D3 /* Main.storyboard */,
				82573E141AFD3D980053DFF2 /* Views */,
				16CB10F91AEC1D7400FDC9D3 /* Images.xcassets */,
				16CB10FB1AEC1D7400FDC9D3 /* LaunchScreen.xib */,
				16CB10EC1AEC1D7400FDC9D3 /* Supporting Files */,
			);
			path = TailoredNotes;
			sourceTree = "<group>";
		};
		16CB10EC1AEC1D7400FDC9D3 /* Supporting Files */ = {
			isa = PBXGroup;
			children = (
				16CB10ED1AEC1D7400FDC9D3 /* Info.plist */,
				16CB10EE1AEC1D7400FDC9D3 /* main.m */,
			);
			name = "Supporting Files";
			sourceTree = "<group>";
		};
		16CB11051AEC1D7400FDC9D3 /* TailoredNotesTests */ = {
			isa = PBXGroup;
			children = (
				16CB11081AEC1D7400FDC9D3 /* TailoredNotesTests.m */,
				16CB11061AEC1D7400FDC9D3 /* Supporting Files */,
			);
			path = TailoredNotesTests;
			sourceTree = "<group>";
		};
		16CB11061AEC1D7400FDC9D3 /* Supporting Files */ = {
			isa = PBXGroup;
			children = (
				16CB11071AEC1D7400FDC9D3 /* Info.plist */,
			);
			name = "Supporting Files";
			sourceTree = "<group>";
		};
		16CB11121AEC1FDD00FDC9D3 /* Model */ = {
			isa = PBXGroup;
			children = (
				16CB11371AEC2A3400FDC9D3 /* Measurement.h */,
				16CB11381AEC2A3400FDC9D3 /* Measurement.m */,
				16CB11341AEC2A3400FDC9D3 /* Product.h */,
				16CB11351AEC2A3400FDC9D3 /* Product.m */,
				16CB11311AEC2A3400FDC9D3 /* OrderItem.h */,
				16CB11321AEC2A3400FDC9D3 /* OrderItem.m */,
				16CB112E1AEC2A3400FDC9D3 /* Order.h */,
				16CB112F1AEC2A3400FDC9D3 /* Order.m */,
				16CB112B1AEC2A3300FDC9D3 /* Person.h */,
				16CB112C1AEC2A3300FDC9D3 /* Person.m */,
				16CB11191AEC215900FDC9D3 /* Model.xcdatamodeld */,
			);
			name = Model;
			sourceTree = "<group>";
		};
		16CB11181AEC20E200FDC9D3 /* Frameworks */ = {
			isa = PBXGroup;
			children = (
				16CB11161AEC20DA00FDC9D3 /* CoreData.framework */,
			);
			name = Frameworks;
			sourceTree = "<group>";
		};
		82573E141AFD3D980053DFF2 /* Views */ = {
			isa = PBXGroup;
			children = (
				82573E081AFD3A860053DFF2 /* NewMeasurementViewController.h */,
				82573E091AFD3A860053DFF2 /* NewMeasurementViewController.m */,
				82573E111AFD3C700053DFF2 /* EditOrderViewController.h */,
				82573E121AFD3C700053DFF2 /* EditOrderViewController.m */,
				82573E0E1AFD3BF60053DFF2 /* NewOrderViewController.h */,
				82573E0F1AFD3BF60053DFF2 /* NewOrderViewController.m */,
				82573DFC1AFD2CBE0053DFF2 /* PersonOpenViewController.h */,
				82573DFD1AFD2CBE0053DFF2 /* PersonOpenViewController.m */,
				82573E051AFD33730053DFF2 /* MeasurementHistoryViewController.h */,
				82573E061AFD33730053DFF2 /* MeasurementHistoryViewController.m */,
				82573E0B1AFD3B050053DFF2 /* EditMeasurementViewController.h */,
				82573E0C1AFD3B050053DFF2 /* EditMeasurementViewController.m */,
				82573E021AFD32F10053DFF2 /* OrderHistoryViewController.h */,
				82573E031AFD32F10053DFF2 /* OrderHistoryViewController.m */,
				82573DFF1AFD2CE20053DFF2 /* PersonDetailsViewController.h */,
				82573E001AFD2CE20053DFF2 /* PersonDetailsViewController.m */,
				82573DF91AFD2C3A0053DFF2 /* PersonAlphaViewController.h */,
				82573DFA1AFD2C3A0053DFF2 /* PersonAlphaViewController.m */,
				821555B41AFE91CC00C56BE8 /* NewOrderItemViewController.h */,
				821555B51AFE91CC00C56BE8 /* NewOrderItemViewController.m */,
				821555B71AFE924600C56BE8 /* EditOrderItemViewController.h */,
				821555B81AFE924600C56BE8 /* EditOrderItemViewController.m */,
				821555BA1AFE92DF00C56BE8 /* NewProductViewController.h */,
				821555BB1AFE92DF00C56BE8 /* NewProductViewController.m */,
				821555BD1AFE92EA00C56BE8 /* EditProductViewController.h */,
				821555BE1AFE92EA00C56BE8 /* EditProductViewController.m */,
			);
			name = Views;
			sourceTree = "<group>";
		};
/* End PBXGroup section */

/* Begin PBXNativeTarget section */
		16CB10E81AEC1D7400FDC9D3 /* TailoredNotes */ = {
			isa = PBXNativeTarget;
			buildConfigurationList = 16CB110C1AEC1D7400FDC9D3 /* Build configuration list for PBXNativeTarget "TailoredNotes" */;
			buildPhases = (
				16CB10E51AEC1D7400FDC9D3 /* Sources */,
				16CB10E61AEC1D7400FDC9D3 /* Frameworks */,
				16CB10E71AEC1D7400FDC9D3 /* Resources */,
			);
			buildRules = (
			);
			dependencies = (
			);
			name = TailoredNotes;
			productName = TailoredNotes;
			productReference = 16CB10E91AEC1D7400FDC9D3 /* TailoredNotes.app */;
			productType = "com.apple.product-type.application";
		};
		16CB11011AEC1D7400FDC9D3 /* TailoredNotesTests */ = {
			isa = PBXNativeTarget;
			buildConfigurationList = 16CB110F1AEC1D7400FDC9D3 /* Build configuration list for PBXNativeTarget "TailoredNotesTests" */;
			buildPhases = (
				16CB10FE1AEC1D7400FDC9D3 /* Sources */,
				16CB10FF1AEC1D7400FDC9D3 /* Frameworks */,
				16CB11001AEC1D7400FDC9D3 /* Resources */,
			);
			buildRules = (
			);
			dependencies = (
				16CB11041AEC1D7400FDC9D3 /* PBXTargetDependency */,
			);
			name = TailoredNotesTests;
			productName = TailoredNotesTests;
			productReference = 16CB11021AEC1D7400FDC9D3 /* TailoredNotesTests.xctest */;
			productType = "com.apple.product-type.bundle.unit-test";
		};
/* End PBXNativeTarget section */

/* Begin PBXProject section */
		16CB10E11AEC1D7400FDC9D3 /* Project object */ = {
			isa = PBXProject;
			attributes = {
				LastUpgradeCheck = 0630;
				ORGANIZATIONNAME = "Slacker Tools";
				TargetAttributes = {
					16CB10E81AEC1D7400FDC9D3 = {
						CreatedOnToolsVersion = 6.3.1;
					};
					16CB11011AEC1D7400FDC9D3 = {
						CreatedOnToolsVersion = 6.3.1;
						TestTargetID = 16CB10E81AEC1D7400FDC9D3;
					};
				};
			};
			buildConfigurationList = 16CB10E41AEC1D7400FDC9D3 /* Build configuration list for PBXProject "TailoredNotes" */;
			compatibilityVersion = "Xcode 3.2";
			developmentRegion = English;
			hasScannedForEncodings = 0;
			knownRegions = (
				en,
				Base,
			);
			mainGroup = 16CB10E01AEC1D7400FDC9D3;
			productRefGroup = 16CB10EA1AEC1D7400FDC9D3 /* Products */;
			projectDirPath = "";
			projectRoot = "";
			targets = (
				16CB10E81AEC1D7400FDC9D3 /* TailoredNotes */,
				16CB11011AEC1D7400FDC9D3 /* TailoredNotesTests */,
			);
		};
/* End PBXProject section */

/* Begin PBXResourcesBuildPhase section */
		16CB10E71AEC1D7400FDC9D3 /* Resources */ = {
			isa = PBXResourcesBuildPhase;
			buildActionMask = 2147483647;
			files = (
				16CB10F81AEC1D7400FDC9D3 /* Main.storyboard in Resources */,
				16CB10FD1AEC1D7400FDC9D3 /* LaunchScreen.xib in Resources */,
				16CB10FA1AEC1D7400FDC9D3 /* Images.xcassets in Resources */,
			);
			runOnlyForDeploymentPostprocessing = 0;
		};
		16CB11001AEC1D7400FDC9D3 /* Resources */ = {
			isa = PBXResourcesBuildPhase;
			buildActionMask = 2147483647;
			files = (
			);
			runOnlyForDeploymentPostprocessing = 0;
		};
/* End PBXResourcesBuildPhase section */

/* Begin PBXSourcesBuildPhase section */
		16CB10E51AEC1D7400FDC9D3 /* Sources */ = {
			isa = PBXSourcesBuildPhase;
			buildActionMask = 2147483647;
			files = (
				16CB11301AEC2A3400FDC9D3 /* Order.m in Sources */,
				821555BC1AFE92DF00C56BE8 /* NewProductViewController.m in Sources */,
				821555BF1AFE92EA00C56BE8 /* EditProductViewController.m in Sources */,
				16CB10F51AEC1D7400FDC9D3 /* ViewController.m in Sources */,
				82573E101AFD3BF60053DFF2 /* NewOrderViewController.m in Sources */,
				82573E131AFD3C700053DFF2 /* EditOrderViewController.m in Sources */,
				16CB11331AEC2A3400FDC9D3 /* OrderItem.m in Sources */,
				16CB11361AEC2A3400FDC9D3 /* Product.m in Sources */,
				821555B61AFE91CC00C56BE8 /* NewOrderItemViewController.m in Sources */,
				82573DFE1AFD2CBE0053DFF2 /* PersonOpenViewController.m in Sources */,
				82573E0D1AFD3B050053DFF2 /* EditMeasurementViewController.m in Sources */,
				16CB10F21AEC1D7400FDC9D3 /* AppDelegate.m in Sources */,
				16CB11391AEC2A3400FDC9D3 /* Measurement.m in Sources */,
				82573DFB1AFD2C3A0053DFF2 /* PersonAlphaViewController.m in Sources */,
				821555B91AFE924600C56BE8 /* EditOrderItemViewController.m in Sources */,
				82573E071AFD33730053DFF2 /* MeasurementHistoryViewController.m in Sources */,
				82573E011AFD2CE20053DFF2 /* PersonDetailsViewController.m in Sources */,
				16CB10EF1AEC1D7400FDC9D3 /* main.m in Sources */,
				82573E041AFD32F10053DFF2 /* OrderHistoryViewController.m in Sources */,
				82573E0A1AFD3A860053DFF2 /* NewMeasurementViewController.m in Sources */,
				16CB112D1AEC2A3300FDC9D3 /* Person.m in Sources */,
				16CB111B1AEC215900FDC9D3 /* Model.xcdatamodeld in Sources */,
			);
			runOnlyForDeploymentPostprocessing = 0;
		};
		16CB10FE1AEC1D7400FDC9D3 /* Sources */ = {
			isa = PBXSourcesBuildPhase;
			buildActionMask = 2147483647;
			files = (
				16CB11091AEC1D7400FDC9D3 /* TailoredNotesTests.m in Sources */,
			);
			runOnlyForDeploymentPostprocessing = 0;
		};
/* End PBXSourcesBuildPhase section */

/* Begin PBXTargetDependency section */
		16CB11041AEC1D7400FDC9D3 /* PBXTargetDependency */ = {
			isa = PBXTargetDependency;
			target = 16CB10E81AEC1D7400FDC9D3 /* TailoredNotes */;
			targetProxy = 16CB11031AEC1D7400FDC9D3 /* PBXContainerItemProxy */;
		};
/* End PBXTargetDependency section */

/* Begin PBXVariantGroup section */
		16CB10F61AEC1D7400FDC9D3 /* Main.storyboard */ = {
			isa = PBXVariantGroup;
			children = (
				16CB10F71AEC1D7400FDC9D3 /* Base */,
			);
			name = Main.storyboard;
			sourceTree = "<group>";
		};
		16CB10FB1AEC1D7400FDC9D3 /* LaunchScreen.xib */ = {
			isa = PBXVariantGroup;
			children = (
				16CB10FC1AEC1D7400FDC9D3 /* Base */,
			);
			name = LaunchScreen.xib;
			sourceTree = "<group>";
		};
/* End PBXVariantGroup section */

/* Begin XCBuildConfiguration section */
		16CB110A1AEC1D7400FDC9D3 /* Debug */ = {
			isa = XCBuildConfiguration;
			buildSettings = {
				ALWAYS_SEARCH_USER_PATHS = NO;
				CLANG_CXX_LANGUAGE_STANDARD = "gnu++0x";
				CLANG_CXX_LIBRARY = "libc++";
				CLANG_ENABLE_MODULES = YES;
				CLANG_ENABLE_OBJC_ARC = YES;
				CLANG_WARN_BOOL_CONVERSION = YES;
				CLANG_WARN_CONSTANT_CONVERSION = YES;
				CLANG_WARN_DIRECT_OBJC_ISA_USAGE = YES_ERROR;
				CLANG_WARN_EMPTY_BODY = YES;
				CLANG_WARN_ENUM_CONVERSION = YES;
				CLANG_WARN_INT_CONVERSION = YES;
				CLANG_WARN_OBJC_ROOT_CLASS = YES_ERROR;
				CLANG_WARN_UNREACHABLE_CODE = YES;
				CLANG_WARN__DUPLICATE_METHOD_MATCH = YES;
				"CODE_SIGN_IDENTITY[sdk=iphoneos*]" = "iPhone Developer";
				COPY_PHASE_STRIP = NO;
				DEBUG_INFORMATION_FORMAT = "dwarf-with-dsym";
				ENABLE_STRICT_OBJC_MSGSEND = YES;
				GCC_C_LANGUAGE_STANDARD = gnu99;
				GCC_DYNAMIC_NO_PIC = NO;
				GCC_NO_COMMON_BLOCKS = YES;
				GCC_OPTIMIZATION_LEVEL = 0;
				GCC_PREPROCESSOR_DEFINITIONS = (
					"DEBUG=1",
					"$(inherited)",
				);
				GCC_SYMBOLS_PRIVATE_EXTERN = NO;
				GCC_WARN_64_TO_32_BIT_CONVERSION = YES;
				GCC_WARN_ABOUT_RETURN_TYPE = YES_ERROR;
				GCC_WARN_UNDECLARED_SELECTOR = YES;
				GCC_WARN_UNINITIALIZED_AUTOS = YES_AGGRESSIVE;
				GCC_WARN_UNUSED_FUNCTION = YES;
				GCC_WARN_UNUSED_VARIABLE = YES;
				IPHONEOS_DEPLOYMENT_TARGET = 8.3;
				MTL_ENABLE_DEBUG_INFO = YES;
				ONLY_ACTIVE_ARCH = YES;
				SDKROOT = iphoneos;
				TARGETED_DEVICE_FAMILY = "1,2";
			};
			name = Debug;
		};
		16CB110B1AEC1D7400FDC9D3 /* Release */ = {
			isa = XCBuildConfiguration;
			buildSettings = {
				ALWAYS_SEARCH_USER_PATHS = NO;
				CLANG_CXX_LANGUAGE_STANDARD = "gnu++0x";
				CLANG_CXX_LIBRARY = "libc++";
				CLANG_ENABLE_MODULES = YES;
				CLANG_ENABLE_OBJC_ARC = YES;
				CLANG_WARN_BOOL_CONVERSION = YES;
				CLANG_WARN_CONSTANT_CONVERSION = YES;
				CLANG_WARN_DIRECT_OBJC_ISA_USAGE = YES_ERROR;
				CLANG_WARN_EMPTY_BODY = YES;
				CLANG_WARN_ENUM_CONVERSION = YES;
				CLANG_WARN_INT_CONVERSION = YES;
				CLANG_WARN_OBJC_ROOT_CLASS = YES_ERROR;
				CLANG_WARN_UNREACHABLE_CODE = YES;
				CLANG_WARN__DUPLICATE_METHOD_MATCH = YES;
				"CODE_SIGN_IDENTITY[sdk=iphoneos*]" = "iPhone Developer";
				COPY_PHASE_STRIP = NO;
				DEBUG_INFORMATION_FORMAT = "dwarf-with-dsym";
				ENABLE_NS_ASSERTIONS = NO;
				ENABLE_STRICT_OBJC_MSGSEND = YES;
				GCC_C_LANGUAGE_STANDARD = gnu99;
				GCC_NO_COMMON_BLOCKS = YES;
				GCC_WARN_64_TO_32_BIT_CONVERSION = YES;
				GCC_WARN_ABOUT_RETURN_TYPE = YES_ERROR;
				GCC_WARN_UNDECLARED_SELECTOR = YES;
				GCC_WARN_UNINITIALIZED_AUTOS = YES_AGGRESSIVE;
				GCC_WARN_UNUSED_FUNCTION = YES;
				GCC_WARN_UNUSED_VARIABLE = YES;
				IPHONEOS_DEPLOYMENT_TARGET = 8.3;
				MTL_ENABLE_DEBUG_INFO = NO;
				SDKROOT = iphoneos;
				TARGETED_DEVICE_FAMILY = "1,2";
				VALIDATE_PRODUCT = YES;
			};
			name = Release;
		};
		16CB110D1AEC1D7400FDC9D3 /* Debug */ = {
			isa = XCBuildConfiguration;
			buildSettings = {
				ASSETCATALOG_COMPILER_APPICON_NAME = AppIcon;
				INFOPLIST_FILE = TailoredNotes/Info.plist;
				LD_RUNPATH_SEARCH_PATHS = "$(inherited) @executable_path/Frameworks";
				PRODUCT_NAME = "$(TARGET_NAME)";
			};
			name = Debug;
		};
		16CB110E1AEC1D7400FDC9D3 /* Release */ = {
			isa = XCBuildConfiguration;
			buildSettings = {
				ASSETCATALOG_COMPILER_APPICON_NAME = AppIcon;
				INFOPLIST_FILE = TailoredNotes/Info.plist;
				LD_RUNPATH_SEARCH_PATHS = "$(inherited) @executable_path/Frameworks";
				PRODUCT_NAME = "$(TARGET_NAME)";
			};
			name = Release;
		};
		16CB11101AEC1D7400FDC9D3 /* Debug */ = {
			isa = XCBuildConfiguration;
			buildSettings = {
				BUNDLE_LOADER = "$(TEST_HOST)";
				FRAMEWORK_SEARCH_PATHS = (
					"$(SDKROOT)/Developer/Library/Frameworks",
					"$(inherited)",
				);
				GCC_PREPROCESSOR_DEFINITIONS = (
					"DEBUG=1",
					"$(inherited)",
				);
				INFOPLIST_FILE = TailoredNotesTests/Info.plist;
				LD_RUNPATH_SEARCH_PATHS = "$(inherited) @executable_path/Frameworks @loader_path/Frameworks";
				PRODUCT_NAME = "$(TARGET_NAME)";
				TEST_HOST = "$(BUILT_PRODUCTS_DIR)/TailoredNotes.app/TailoredNotes";
			};
			name = Debug;
		};
		16CB11111AEC1D7400FDC9D3 /* Release */ = {
			isa = XCBuildConfiguration;
			buildSettings = {
				BUNDLE_LOADER = "$(TEST_HOST)";
				FRAMEWORK_SEARCH_PATHS = (
					"$(SDKROOT)/Developer/Library/Frameworks",
					"$(inherited)",
				);
				INFOPLIST_FILE = TailoredNotesTests/Info.plist;
				LD_RUNPATH_SEARCH_PATHS = "$(inherited) @executable_path/Frameworks @loader_path/Frameworks";
				PRODUCT_NAME = "$(TARGET_NAME)";
				TEST_HOST = "$(BUILT_PRODUCTS_DIR)/TailoredNotes.app/TailoredNotes";
			};
			name = Release;
		};
/* End XCBuildConfiguration section */

/* Begin XCConfigurationList section */
		16CB10E41AEC1D7400FDC9D3 /* Build configuration list for PBXProject "TailoredNotes" */ = {
			isa = XCConfigurationList;
			buildConfigurations = (
				16CB110A1AEC1D7400FDC9D3 /* Debug */,
				16CB110B1AEC1D7400FDC9D3 /* Release */,
			);
			defaultConfigurationIsVisible = 0;
			defaultConfigurationName = Release;
		};
		16CB110C1AEC1D7400FDC9D3 /* Build configuration list for PBXNativeTarget "TailoredNotes" */ = {
			isa = XCConfigurationList;
			buildConfigurations = (
				16CB110D1AEC1D7400FDC9D3 /* Debug */,
				16CB110E1AEC1D7400FDC9D3 /* Release */,
			);
			defaultConfigurationIsVisible = 0;
			defaultConfigurationName = Release;
		};
		16CB110F1AEC1D7400FDC9D3 /* Build configuration list for PBXNativeTarget "TailoredNotesTests" */ = {
			isa = XCConfigurationList;
			buildConfigurations = (
				16CB11101AEC1D7400FDC9D3 /* Debug */,
				16CB11111AEC1D7400FDC9D3 /* Release */,
			);
			defaultConfigurationIsVisible = 0;
			defaultConfigurationName = Release;
		};
/* End XCConfigurationList section */

/* Begin XCVersionGroup section */
		16CB11191AEC215900FDC9D3 /* Model.xcdatamodeld */ = {
			isa = XCVersionGroup;
			children = (
				16CB111A1AEC215900FDC9D3 /* Model.xcdatamodel */,
			);
			currentVersion = 16CB111A1AEC215900FDC9D3 /* Model.xcdatamodel */;
			path = Model.xcdatamodeld;
			sourceTree = "<group>";
			versionGroupType = wrapper.xcdatamodel;
		};
/* End XCVersionGroup section */
	};
	rootObject = 16CB10E11AEC1D7400FDC9D3 /* Project object */;
}
